
Microsoft Visual Studio Solution File, Format Version 12.00
# Visual Studio Version 17
VisualStudioVersion = 17.12.35527.113
MinimumVisualStudioVersion = 10.0.40219.1
Project("{FAE04EC0-301F-11D3-BF4B-00C04F79EFBC}") = "LTDesktop", "LTDesktop\LTDesktop.csproj", "{269E7F51-B504-4A02-BC64-316AF7F1DDBA}"
EndProject
Global
	GlobalSection(SolutionConfigurationPlatforms) = preSolution
		Debug|Any CPU = Debug|Any CPU
		Release|Any CPU = Release|Any CPU
	EndGlobalSection
	GlobalSection(ProjectConfigurationPlatforms) = postSolution
		{269E7F51-B504-4A02-BC64-316AF7F1DDBA}.Debug|Any CPU.ActiveCfg = Debug|Any CPU
		{269E7F51-B504-4A02-BC64-316AF7F1DDBA}.Debug|Any CPU.Build.0 = Debug|Any CPU
		{269E7F51-B504-4A02-BC64-316AF7F1DDBA}.Release|Any CPU.ActiveCfg = Release|Any CPU
		{269E7F51-B504-4A02-BC64-316AF7F1DDBA}.Release|Any CPU.Build.0 = Release|Any CPU
	EndGlobalSection
	GlobalSection(SolutionProperties) = preSolution
		HideSolutionNode = FALSE
	EndGlobalSection
EndGlobal
